// !$*UTF8*$!
{
	archiveVersion = 1;
	classes = {
	};
	objectVersion = 46;
	objects = {

/* Begin PBXBuildFile section */
		633B9FC718EFC9D000E98B22 /* SCGScoreLabel.m in Sources */ = {isa = PBXBuildFile; fileRef = 633B9FC618EFC9D000E98B22 /* SCGScoreLabel.m */; };
		6368AE5E18C18AEA0054E34B /* Foundation.framework in Frameworks */ = {isa = PBXBuildFile; fileRef = 6368AE5D18C18AEA0054E34B /* Foundation.framework */; };
		6368AE6018C18AEA0054E34B /* CoreGraphics.framework in Frameworks */ = {isa = PBXBuildFile; fileRef = 6368AE5F18C18AEA0054E34B /* CoreGraphics.framework */; };
		6368AE6218C18AEA0054E34B /* UIKit.framework in Frameworks */ = {isa = PBXBuildFile; fileRef = 6368AE6118C18AEA0054E34B /* UIKit.framework */; };
		6368AE6818C18AEA0054E34B /* InfoPlist.strings in Resources */ = {isa = PBXBuildFile; fileRef = 6368AE6618C18AEA0054E34B /* InfoPlist.strings */; };
		6368AE6A18C18AEA0054E34B /* main.m in Sources */ = {isa = PBXBuildFile; fileRef = 6368AE6918C18AEA0054E34B /* main.m */; };
		6368AE6E18C18AEA0054E34B /* SCGAppDelegate.m in Sources */ = {isa = PBXBuildFile; fileRef = 6368AE6D18C18AEA0054E34B /* SCGAppDelegate.m */; };
		6368AE7118C18AEA0054E34B /* Main_iPhone.storyboard in Resources */ = {isa = PBXBuildFile; fileRef = 6368AE6F18C18AEA0054E34B /* Main_iPhone.storyboard */; };
		6368AE7418C18AEA0054E34B /* Main_iPad.storyboard in Resources */ = {isa = PBXBuildFile; fileRef = 6368AE7218C18AEA0054E34B /* Main_iPad.storyboard */; };
		6368AE7718C18AEA0054E34B /* SCGMainViewController.m in Sources */ = {isa = PBXBuildFile; fileRef = 6368AE7618C18AEA0054E34B /* SCGMainViewController.m */; };
		6368AE7A18C18AEB0054E34B /* SCGFlipsideViewController.m in Sources */ = {isa = PBXBuildFile; fileRef = 6368AE7918C18AEB0054E34B /* SCGFlipsideViewController.m */; };
		6368AE7C18C18AEB0054E34B /* Images.xcassets in Resources */ = {isa = PBXBuildFile; fileRef = 6368AE7B18C18AEB0054E34B /* Images.xcassets */; };
		6368AE8318C18AEB0054E34B /* XCTest.framework in Frameworks */ = {isa = PBXBuildFile; fileRef = 6368AE8218C18AEB0054E34B /* XCTest.framework */; };
		6368AE8418C18AEB0054E34B /* Foundation.framework in Frameworks */ = {isa = PBXBuildFile; fileRef = 6368AE5D18C18AEA0054E34B /* Foundation.framework */; };
		6368AE8518C18AEB0054E34B /* UIKit.framework in Frameworks */ = {isa = PBXBuildFile; fileRef = 6368AE6118C18AEA0054E34B /* UIKit.framework */; };
		6368AE8D18C18AEB0054E34B /* InfoPlist.strings in Resources */ = {isa = PBXBuildFile; fileRef = 6368AE8B18C18AEB0054E34B /* InfoPlist.strings */; };
		6368AE8F18C18AEB0054E34B /* StringsAndCoinsTests.m in Sources */ = {isa = PBXBuildFile; fileRef = 6368AE8E18C18AEB0054E34B /* StringsAndCoinsTests.m */; };
		6368AEA318C18DB10054E34B /* SCGBoundaryView.m in Sources */ = {isa = PBXBuildFile; fileRef = 6368AE9E18C18DB10054E34B /* SCGBoundaryView.m */; };
		6368AEA418C18DB10054E34B /* SCGCellView.m in Sources */ = {isa = PBXBuildFile; fileRef = 6368AEA018C18DB10054E34B /* SCGCellView.m */; };
		6368AEA518C18DB10054E34B /* SCGDotView.m in Sources */ = {isa = PBXBuildFile; fileRef = 6368AEA218C18DB10054E34B /* SCGDotView.m */; };
		6368AEA818C18DDF0054E34B /* SCGBoardController.m in Sources */ = {isa = PBXBuildFile; fileRef = 6368AEA718C18DDF0054E34B /* SCGBoardController.m */; };
		6368AEAD18C18E020054E34B /* SCGGamePlayer.m in Sources */ = {isa = PBXBuildFile; fileRef = 6368AEAA18C18E020054E34B /* SCGGamePlayer.m */; };
		6368AEAE18C18E020054E34B /* SCGPlayer.m in Sources */ = {isa = PBXBuildFile; fileRef = 6368AEAC18C18E020054E34B /* SCGPlayer.m */; };
		6368AEB118C18E140054E34B /* SCGLevel.m in Sources */ = {isa = PBXBuildFile; fileRef = 6368AEB018C18E140054E34B /* SCGLevel.m */; };
		6368AEC118C18E320054E34B /* chain-lg-horz.png in Resources */ = {isa = PBXBuildFile; fileRef = 6368AEB218C18E310054E34B /* chain-lg-horz.png */; };
		6368AEC218C18E320054E34B /* chain-md-horz.png in Resources */ = {isa = PBXBuildFile; fileRef = 6368AEB318C18E310054E34B /* chain-md-horz.png */; };
		6368AEC318C18E320054E34B /* chain-sm-horz.png in Resources */ = {isa = PBXBuildFile; fileRef = 6368AEB418C18E310054E34B /* chain-sm-horz.png */; };
		6368AEC418C18E320054E34B /* coin-lg.png in Resources */ = {isa = PBXBuildFile; fileRef = 6368AEB518C18E310054E34B /* coin-lg.png */; };
		6368AEC518C18E320054E34B /* coin-md.png in Resources */ = {isa = PBXBuildFile; fileRef = 6368AEB618C18E310054E34B /* coin-md.png */; };
		6368AEC618C18E320054E34B /* coin-sm.png in Resources */ = {isa = PBXBuildFile; fileRef = 6368AEB718C18E310054E34B /* coin-sm.png */; };
		6368AEC718C18E320054E34B /* dot-lg.png in Resources */ = {isa = PBXBuildFile; fileRef = 6368AEB818C18E310054E34B /* dot-lg.png */; };
		6368AEC818C18E320054E34B /* dot-md.png in Resources */ = {isa = PBXBuildFile; fileRef = 6368AEB918C18E310054E34B /* dot-md.png */; };
		6368AEC918C18E320054E34B /* dot-sm.png in Resources */ = {isa = PBXBuildFile; fileRef = 6368AEBA18C18E310054E34B /* dot-sm.png */; };
		6368AECA18C18E320054E34B /* ellipse-md-horz.png in Resources */ = {isa = PBXBuildFile; fileRef = 6368AEBB18C18E310054E34B /* ellipse-md-horz.png */; };
		6368AECB18C18E320054E34B /* rope-lg-horz.png in Resources */ = {isa = PBXBuildFile; fileRef = 6368AEBC18C18E310054E34B /* rope-lg-horz.png */; };
		6368AECC18C18E320054E34B /* rope-md-horz.png in Resources */ = {isa = PBXBuildFile; fileRef = 6368AEBD18C18E310054E34B /* rope-md-horz.png */; };
		6368AECD18C18E320054E34B /* rope-sm-horz.png in Resources */ = {isa = PBXBuildFile; fileRef = 6368AEBE18C18E320054E34B /* rope-sm-horz.png */; };
		6368AECE18C18E320054E34B /* triangleDown-md.png in Resources */ = {isa = PBXBuildFile; fileRef = 6368AEBF18C18E320054E34B /* triangleDown-md.png */; };
		6368AECF18C18E320054E34B /* triangleUp-md.png in Resources */ = {isa = PBXBuildFile; fileRef = 6368AEC018C18E320054E34B /* triangleUp-md.png */; };
		6368AF1A18C1DB750054E34B /* SCGNavigationController.m in Sources */ = {isa = PBXBuildFile; fileRef = 6368AF1918C1DB750054E34B /* SCGNavigationController.m */; };
		63A4871418D98FD3009418B1 /* SCGScoreView.m in Sources */ = {isa = PBXBuildFile; fileRef = 63A4871318D98FD3009418B1 /* SCGScoreView.m */; };
		63BFF09318C2ED570080BA9F /* SCGMenuNavigationController.m in Sources */ = {isa = PBXBuildFile; fileRef = 63BFF09218C2ED570080BA9F /* SCGMenuNavigationController.m */; };
		63BFF09618C2EE120080BA9F /* SCGMenuViewController.m in Sources */ = {isa = PBXBuildFile; fileRef = 63BFF09518C2EE120080BA9F /* SCGMenuViewController.m */; };
		63BFF09918C32E7B0080BA9F /* SCGSettings.m in Sources */ = {isa = PBXBuildFile; fileRef = 63BFF09818C32E7B0080BA9F /* SCGSettings.m */; };
		63BFF09C18C331130080BA9F /* SCGSettingsViewController.m in Sources */ = {isa = PBXBuildFile; fileRef = 63BFF09B18C331130080BA9F /* SCGSettingsViewController.m */; };
/* End PBXBuildFile section */

/* Begin PBXContainerItemProxy section */
		6368AE8618C18AEB0054E34B /* PBXContainerItemProxy */ = {
			isa = PBXContainerItemProxy;
			containerPortal = 6368AE5218C18AEA0054E34B /* Project object */;
			proxyType = 1;
			remoteGlobalIDString = 6368AE5918C18AEA0054E34B;
			remoteInfo = StringsAndCoins;
		};
/* End PBXContainerItemProxy section */

/* Begin PBXFileReference section */
		633B9FC518EFC9BA00E98B22 /* SCGScoreLabel.h */ = {isa = PBXFileReference; fileEncoding = 4; lastKnownFileType = sourcecode.c.h; path = SCGScoreLabel.h; sourceTree = "<group>"; };
		633B9FC618EFC9D000E98B22 /* SCGScoreLabel.m */ = {isa = PBXFileReference; fileEncoding = 4; lastKnownFileType = sourcecode.c.objc; path = SCGScoreLabel.m; sourceTree = "<group>"; };
		6368AE5A18C18AEA0054E34B /* StringsAndCoins.app */ = {isa = PBXFileReference; explicitFileType = wrapper.application; includeInIndex = 0; path = StringsAndCoins.app; sourceTree = BUILT_PRODUCTS_DIR; };
		6368AE5D18C18AEA0054E34B /* Foundation.framework */ = {isa = PBXFileReference; lastKnownFileType = wrapper.framework; name = Foundation.framework; path = System/Library/Frameworks/Foundation.framework; sourceTree = SDKROOT; };
		6368AE5F18C18AEA0054E34B /* CoreGraphics.framework */ = {isa = PBXFileReference; lastKnownFileType = wrapper.framework; name = CoreGraphics.framework; path = System/Library/Frameworks/CoreGraphics.framework; sourceTree = SDKROOT; };
		6368AE6118C18AEA0054E34B /* UIKit.framework */ = {isa = PBXFileReference; lastKnownFileType = wrapper.framework; name = UIKit.framework; path = System/Library/Frameworks/UIKit.framework; sourceTree = SDKROOT; };
		6368AE6518C18AEA0054E34B /* StringsAndCoins-Info.plist */ = {isa = PBXFileReference; lastKnownFileType = text.plist.xml; path = "StringsAndCoins-Info.plist"; sourceTree = "<group>"; };
		6368AE6718C18AEA0054E34B /* en */ = {isa = PBXFileReference; lastKnownFileType = text.plist.strings; name = en; path = en.lproj/InfoPlist.strings; sourceTree = "<group>"; };
		6368AE6918C18AEA0054E34B /* main.m */ = {isa = PBXFileReference; lastKnownFileType = sourcecode.c.objc; path = main.m; sourceTree = "<group>"; };
		6368AE6B18C18AEA0054E34B /* StringsAndCoins-Prefix.pch */ = {isa = PBXFileReference; lastKnownFileType = sourcecode.c.h; path = "StringsAndCoins-Prefix.pch"; sourceTree = "<group>"; };
		6368AE6C18C18AEA0054E34B /* SCGAppDelegate.h */ = {isa = PBXFileReference; lastKnownFileType = sourcecode.c.h; path = SCGAppDelegate.h; sourceTree = "<group>"; };
		6368AE6D18C18AEA0054E34B /* SCGAppDelegate.m */ = {isa = PBXFileReference; lastKnownFileType = sourcecode.c.objc; path = SCGAppDelegate.m; sourceTree = "<group>"; };
		6368AE7018C18AEA0054E34B /* Base */ = {isa = PBXFileReference; lastKnownFileType = file.storyboard; name = Base; path = Base.lproj/Main_iPhone.storyboard; sourceTree = "<group>"; };
		6368AE7318C18AEA0054E34B /* Base */ = {isa = PBXFileReference; lastKnownFileType = file.storyboard; name = Base; path = Base.lproj/Main_iPad.storyboard; sourceTree = "<group>"; };
		6368AE7518C18AEA0054E34B /* SCGMainViewController.h */ = {isa = PBXFileReference; lastKnownFileType = sourcecode.c.h; path = SCGMainViewController.h; sourceTree = "<group>"; };
		6368AE7618C18AEA0054E34B /* SCGMainViewController.m */ = {isa = PBXFileReference; lastKnownFileType = sourcecode.c.objc; path = SCGMainViewController.m; sourceTree = "<group>"; };
		6368AE7818C18AEB0054E34B /* SCGFlipsideViewController.h */ = {isa = PBXFileReference; lastKnownFileType = sourcecode.c.h; path = SCGFlipsideViewController.h; sourceTree = "<group>"; };
		6368AE7918C18AEB0054E34B /* SCGFlipsideViewController.m */ = {isa = PBXFileReference; lastKnownFileType = sourcecode.c.objc; path = SCGFlipsideViewController.m; sourceTree = "<group>"; };
		6368AE7B18C18AEB0054E34B /* Images.xcassets */ = {isa = PBXFileReference; lastKnownFileType = folder.assetcatalog; path = Images.xcassets; sourceTree = "<group>"; };
		6368AE8118C18AEB0054E34B /* StringsAndCoinsTests.xctest */ = {isa = PBXFileReference; explicitFileType = wrapper.cfbundle; includeInIndex = 0; path = StringsAndCoinsTests.xctest; sourceTree = BUILT_PRODUCTS_DIR; };
		6368AE8218C18AEB0054E34B /* XCTest.framework */ = {isa = PBXFileReference; lastKnownFileType = wrapper.framework; name = XCTest.framework; path = Library/Frameworks/XCTest.framework; sourceTree = DEVELOPER_DIR; };
		6368AE8A18C18AEB0054E34B /* StringsAndCoinsTests-Info.plist */ = {isa = PBXFileReference; lastKnownFileType = text.plist.xml; path = "StringsAndCoinsTests-Info.plist"; sourceTree = "<group>"; };
		6368AE8C18C18AEB0054E34B /* en */ = {isa = PBXFileReference; lastKnownFileType = text.plist.strings; name = en; path = en.lproj/InfoPlist.strings; sourceTree = "<group>"; };
		6368AE8E18C18AEB0054E34B /* StringsAndCoinsTests.m */ = {isa = PBXFileReference; lastKnownFileType = sourcecode.c.objc; path = StringsAndCoinsTests.m; sourceTree = "<group>"; };
		6368AE9D18C18DB10054E34B /* SCGBoundaryView.h */ = {isa = PBXFileReference; fileEncoding = 4; lastKnownFileType = sourcecode.c.h; path = SCGBoundaryView.h; sourceTree = "<group>"; };
		6368AE9E18C18DB10054E34B /* SCGBoundaryView.m */ = {isa = PBXFileReference; fileEncoding = 4; lastKnownFileType = sourcecode.c.objc; path = SCGBoundaryView.m; sourceTree = "<group>"; };
		6368AE9F18C18DB10054E34B /* SCGCellView.h */ = {isa = PBXFileReference; fileEncoding = 4; lastKnownFileType = sourcecode.c.h; path = SCGCellView.h; sourceTree = "<group>"; };
		6368AEA018C18DB10054E34B /* SCGCellView.m */ = {isa = PBXFileReference; fileEncoding = 4; lastKnownFileType = sourcecode.c.objc; path = SCGCellView.m; sourceTree = "<group>"; };
		6368AEA118C18DB10054E34B /* SCGDotView.h */ = {isa = PBXFileReference; fileEncoding = 4; lastKnownFileType = sourcecode.c.h; path = SCGDotView.h; sourceTree = "<group>"; };
		6368AEA218C18DB10054E34B /* SCGDotView.m */ = {isa = PBXFileReference; fileEncoding = 4; lastKnownFileType = sourcecode.c.objc; path = SCGDotView.m; sourceTree = "<group>"; };
		6368AEA618C18DDF0054E34B /* SCGBoardController.h */ = {isa = PBXFileReference; fileEncoding = 4; lastKnownFileType = sourcecode.c.h; path = SCGBoardController.h; sourceTree = "<group>"; };
		6368AEA718C18DDF0054E34B /* SCGBoardController.m */ = {isa = PBXFileReference; fileEncoding = 4; lastKnownFileType = sourcecode.c.objc; path = SCGBoardController.m; sourceTree = "<group>"; };
		6368AEA918C18E020054E34B /* SCGGamePlayer.h */ = {isa = PBXFileReference; fileEncoding = 4; lastKnownFileType = sourcecode.c.h; path = SCGGamePlayer.h; sourceTree = "<group>"; };
		6368AEAA18C18E020054E34B /* SCGGamePlayer.m */ = {isa = PBXFileReference; fileEncoding = 4; lastKnownFileType = sourcecode.c.objc; path = SCGGamePlayer.m; sourceTree = "<group>"; };
		6368AEAB18C18E020054E34B /* SCGPlayer.h */ = {isa = PBXFileReference; fileEncoding = 4; lastKnownFileType = sourcecode.c.h; path = SCGPlayer.h; sourceTree = "<group>"; };
		6368AEAC18C18E020054E34B /* SCGPlayer.m */ = {isa = PBXFileReference; fileEncoding = 4; lastKnownFileType = sourcecode.c.objc; path = SCGPlayer.m; sourceTree = "<group>"; };
		6368AEAF18C18E140054E34B /* SCGLevel.h */ = {isa = PBXFileReference; fileEncoding = 4; lastKnownFileType = sourcecode.c.h; path = SCGLevel.h; sourceTree = "<group>"; };
		6368AEB018C18E140054E34B /* SCGLevel.m */ = {isa = PBXFileReference; fileEncoding = 4; lastKnownFileType = sourcecode.c.objc; path = SCGLevel.m; sourceTree = "<group>"; };
		6368AEB218C18E310054E34B /* chain-lg-horz.png */ = {isa = PBXFileReference; lastKnownFileType = image.png; path = "chain-lg-horz.png"; sourceTree = "<group>"; };
		6368AEB318C18E310054E34B /* chain-md-horz.png */ = {isa = PBXFileReference; lastKnownFileType = image.png; path = "chain-md-horz.png"; sourceTree = "<group>"; };
		6368AEB418C18E310054E34B /* chain-sm-horz.png */ = {isa = PBXFileReference; lastKnownFileType = image.png; path = "chain-sm-horz.png"; sourceTree = "<group>"; };
		6368AEB518C18E310054E34B /* coin-lg.png */ = {isa = PBXFileReference; lastKnownFileType = image.png; path = "coin-lg.png"; sourceTree = "<group>"; };
		6368AEB618C18E310054E34B /* coin-md.png */ = {isa = PBXFileReference; lastKnownFileType = image.png; path = "coin-md.png"; sourceTree = "<group>"; };
		6368AEB718C18E310054E34B /* coin-sm.png */ = {isa = PBXFileReference; lastKnownFileType = image.png; path = "coin-sm.png"; sourceTree = "<group>"; };
		6368AEB818C18E310054E34B /* dot-lg.png */ = {isa = PBXFileReference; lastKnownFileType = image.png; path = "dot-lg.png"; sourceTree = "<group>"; };
		6368AEB918C18E310054E34B /* dot-md.png */ = {isa = PBXFileReference; lastKnownFileType = image.png; path = "dot-md.png"; sourceTree = "<group>"; };
		6368AEBA18C18E310054E34B /* dot-sm.png */ = {isa = PBXFileReference; lastKnownFileType = image.png; path = "dot-sm.png"; sourceTree = "<group>"; };
		6368AEBB18C18E310054E34B /* ellipse-md-horz.png */ = {isa = PBXFileReference; lastKnownFileType = image.png; path = "ellipse-md-horz.png"; sourceTree = "<group>"; };
		6368AEBC18C18E310054E34B /* rope-lg-horz.png */ = {isa = PBXFileReference; lastKnownFileType = image.png; path = "rope-lg-horz.png"; sourceTree = "<group>"; };
		6368AEBD18C18E310054E34B /* rope-md-horz.png */ = {isa = PBXFileReference; lastKnownFileType = image.png; path = "rope-md-horz.png"; sourceTree = "<group>"; };
		6368AEBE18C18E320054E34B /* rope-sm-horz.png */ = {isa = PBXFileReference; lastKnownFileType = image.png; path = "rope-sm-horz.png"; sourceTree = "<group>"; };
		6368AEBF18C18E320054E34B /* triangleDown-md.png */ = {isa = PBXFileReference; lastKnownFileType = image.png; path = "triangleDown-md.png"; sourceTree = "<group>"; };
		6368AEC018C18E320054E34B /* triangleUp-md.png */ = {isa = PBXFileReference; lastKnownFileType = image.png; path = "triangleUp-md.png"; sourceTree = "<group>"; };
		6368AED018C18E420054E34B /* constants.h */ = {isa = PBXFileReference; fileEncoding = 4; lastKnownFileType = sourcecode.c.h; path = constants.h; sourceTree = "<group>"; };
		6368AF1818C1DB750054E34B /* SCGNavigationController.h */ = {isa = PBXFileReference; fileEncoding = 4; lastKnownFileType = sourcecode.c.h; path = SCGNavigationController.h; sourceTree = "<group>"; };
		6368AF1918C1DB750054E34B /* SCGNavigationController.m */ = {isa = PBXFileReference; fileEncoding = 4; lastKnownFileType = sourcecode.c.objc; path = SCGNavigationController.m; sourceTree = "<group>"; };
		63A4871218D98FD3009418B1 /* SCGScoreView.h */ = {isa = PBXFileReference; fileEncoding = 4; lastKnownFileType = sourcecode.c.h; path = SCGScoreView.h; sourceTree = "<group>"; };
		63A4871318D98FD3009418B1 /* SCGScoreView.m */ = {isa = PBXFileReference; fileEncoding = 4; lastKnownFileType = sourcecode.c.objc; path = SCGScoreView.m; sourceTree = "<group>"; };
		63BFF09118C2ED570080BA9F /* SCGMenuNavigationController.h */ = {isa = PBXFileReference; fileEncoding = 4; lastKnownFileType = sourcecode.c.h; path = SCGMenuNavigationController.h; sourceTree = "<group>"; };
		63BFF09218C2ED570080BA9F /* SCGMenuNavigationController.m */ = {isa = PBXFileReference; fileEncoding = 4; lastKnownFileType = sourcecode.c.objc; path = SCGMenuNavigationController.m; sourceTree = "<group>"; };
		63BFF09418C2EE120080BA9F /* SCGMenuViewController.h */ = {isa = PBXFileReference; fileEncoding = 4; lastKnownFileType = sourcecode.c.h; path = SCGMenuViewController.h; sourceTree = "<group>"; };
		63BFF09518C2EE120080BA9F /* SCGMenuViewController.m */ = {isa = PBXFileReference; fileEncoding = 4; lastKnownFileType = sourcecode.c.objc; path = SCGMenuViewController.m; sourceTree = "<group>"; };
		63BFF09718C32E7B0080BA9F /* SCGSettings.h */ = {isa = PBXFileReference; fileEncoding = 4; lastKnownFileType = sourcecode.c.h; path = SCGSettings.h; sourceTree = "<group>"; };
		63BFF09818C32E7B0080BA9F /* SCGSettings.m */ = {isa = PBXFileReference; fileEncoding = 4; lastKnownFileType = sourcecode.c.objc; path = SCGSettings.m; sourceTree = "<group>"; };
		63BFF09A18C331130080BA9F /* SCGSettingsViewController.h */ = {isa = PBXFileReference; fileEncoding = 4; lastKnownFileType = sourcecode.c.h; path = SCGSettingsViewController.h; sourceTree = "<group>"; };
		63BFF09B18C331130080BA9F /* SCGSettingsViewController.m */ = {isa = PBXFileReference; fileEncoding = 4; lastKnownFileType = sourcecode.c.objc; path = SCGSettingsViewController.m; sourceTree = "<group>"; };
/* End PBXFileReference section */

/* Begin PBXFrameworksBuildPhase section */
		6368AE5718C18AEA0054E34B /* Frameworks */ = {
			isa = PBXFrameworksBuildPhase;
			buildActionMask = 2147483647;
			files = (
				6368AE6018C18AEA0054E34B /* CoreGraphics.framework in Frameworks */,
				6368AE6218C18AEA0054E34B /* UIKit.framework in Frameworks */,
				6368AE5E18C18AEA0054E34B /* Foundation.framework in Frameworks */,
			);
			runOnlyForDeploymentPostprocessing = 0;
		};
		6368AE7E18C18AEB0054E34B /* Frameworks */ = {
			isa = PBXFrameworksBuildPhase;
			buildActionMask = 2147483647;
			files = (
				6368AE8318C18AEB0054E34B /* XCTest.framework in Frameworks */,
				6368AE8518C18AEB0054E34B /* UIKit.framework in Frameworks */,
				6368AE8418C18AEB0054E34B /* Foundation.framework in Frameworks */,
			);
			runOnlyForDeploymentPostprocessing = 0;
		};
/* End PBXFrameworksBuildPhase section */

/* Begin PBXGroup section */
		6368AE5118C18AEA0054E34B = {
			isa = PBXGroup;
			children = (
				6368AE6318C18AEA0054E34B /* StringsAndCoins */,
				6368AE8818C18AEB0054E34B /* StringsAndCoinsTests */,
				6368AE5C18C18AEA0054E34B /* Frameworks */,
				6368AE5B18C18AEA0054E34B /* Products */,
			);
			sourceTree = "<group>";
		};
		6368AE5B18C18AEA0054E34B /* Products */ = {
			isa = PBXGroup;
			children = (
				6368AE5A18C18AEA0054E34B /* StringsAndCoins.app */,
				6368AE8118C18AEB0054E34B /* StringsAndCoinsTests.xctest */,
			);
			name = Products;
			sourceTree = "<group>";
		};
		6368AE5C18C18AEA0054E34B /* Frameworks */ = {
			isa = PBXGroup;
			children = (
				6368AE5D18C18AEA0054E34B /* Foundation.framework */,
				6368AE5F18C18AEA0054E34B /* CoreGraphics.framework */,
				6368AE6118C18AEA0054E34B /* UIKit.framework */,
				6368AE8218C18AEB0054E34B /* XCTest.framework */,
			);
			name = Frameworks;
			sourceTree = "<group>";
		};
		6368AE6318C18AEA0054E34B /* StringsAndCoins */ = {
			isa = PBXGroup;
			children = (
				6368AED018C18E420054E34B /* constants.h */,
				6368AE9818C18CF10054E34B /* Assets */,
				6368AE9918C18D290054E34B /* Classes */,
				6368AE6C18C18AEA0054E34B /* SCGAppDelegate.h */,
				6368AE6D18C18AEA0054E34B /* SCGAppDelegate.m */,
				6368AE6F18C18AEA0054E34B /* Main_iPhone.storyboard */,
				6368AE7218C18AEA0054E34B /* Main_iPad.storyboard */,
				6368AE7518C18AEA0054E34B /* SCGMainViewController.h */,
				6368AE7618C18AEA0054E34B /* SCGMainViewController.m */,
				6368AE7818C18AEB0054E34B /* SCGFlipsideViewController.h */,
				6368AE7918C18AEB0054E34B /* SCGFlipsideViewController.m */,
				6368AE7B18C18AEB0054E34B /* Images.xcassets */,
				6368AE6418C18AEA0054E34B /* Supporting Files */,
				6368AF1818C1DB750054E34B /* SCGNavigationController.h */,
				6368AF1918C1DB750054E34B /* SCGNavigationController.m */,
			);
			path = StringsAndCoins;
			sourceTree = "<group>";
		};
		6368AE6418C18AEA0054E34B /* Supporting Files */ = {
			isa = PBXGroup;
			children = (
				6368AE6518C18AEA0054E34B /* StringsAndCoins-Info.plist */,
				6368AE6618C18AEA0054E34B /* InfoPlist.strings */,
				6368AE6918C18AEA0054E34B /* main.m */,
				6368AE6B18C18AEA0054E34B /* StringsAndCoins-Prefix.pch */,
			);
			name = "Supporting Files";
			sourceTree = "<group>";
		};
		6368AE8818C18AEB0054E34B /* StringsAndCoinsTests */ = {
			isa = PBXGroup;
			children = (
				6368AE8E18C18AEB0054E34B /* StringsAndCoinsTests.m */,
				6368AE8918C18AEB0054E34B /* Supporting Files */,
			);
			path = StringsAndCoinsTests;
			sourceTree = "<group>";
		};
		6368AE8918C18AEB0054E34B /* Supporting Files */ = {
			isa = PBXGroup;
			children = (
				6368AE8A18C18AEB0054E34B /* StringsAndCoinsTests-Info.plist */,
				6368AE8B18C18AEB0054E34B /* InfoPlist.strings */,
			);
			name = "Supporting Files";
			sourceTree = "<group>";
		};
		6368AE9818C18CF10054E34B /* Assets */ = {
			isa = PBXGroup;
			children = (
				6368AEB218C18E310054E34B /* chain-lg-horz.png */,
				6368AEB318C18E310054E34B /* chain-md-horz.png */,
				6368AEB418C18E310054E34B /* chain-sm-horz.png */,
				6368AEB518C18E310054E34B /* coin-lg.png */,
				6368AEB618C18E310054E34B /* coin-md.png */,
				6368AEB718C18E310054E34B /* coin-sm.png */,
				6368AEB818C18E310054E34B /* dot-lg.png */,
				6368AEB918C18E310054E34B /* dot-md.png */,
				6368AEBA18C18E310054E34B /* dot-sm.png */,
				6368AEBB18C18E310054E34B /* ellipse-md-horz.png */,
				6368AEBC18C18E310054E34B /* rope-lg-horz.png */,
				6368AEBD18C18E310054E34B /* rope-md-horz.png */,
				6368AEBE18C18E320054E34B /* rope-sm-horz.png */,
				6368AEBF18C18E320054E34B /* triangleDown-md.png */,
				6368AEC018C18E320054E34B /* triangleUp-md.png */,
			);
			name = Assets;
			sourceTree = "<group>";
		};
		6368AE9918C18D290054E34B /* Classes */ = {
			isa = PBXGroup;
			children = (
				6368AEAF18C18E140054E34B /* SCGLevel.h */,
				6368AEB018C18E140054E34B /* SCGLevel.m */,
				6368AE9A18C18D320054E34B /* Model */,
				6368AE9B18C18D3C0054E34B /* Controllers */,
				6368AE9C18C18D450054E34B /* Views */,
			);
			name = Classes;
			sourceTree = "<group>";
		};
		6368AE9A18C18D320054E34B /* Model */ = {
			isa = PBXGroup;
			children = (
				6368AEA918C18E020054E34B /* SCGGamePlayer.h */,
				6368AEAA18C18E020054E34B /* SCGGamePlayer.m */,
				6368AEAB18C18E020054E34B /* SCGPlayer.h */,
				6368AEAC18C18E020054E34B /* SCGPlayer.m */,
				63BFF09718C32E7B0080BA9F /* SCGSettings.h */,
				63BFF09818C32E7B0080BA9F /* SCGSettings.m */,
			);
			name = Model;
			sourceTree = "<group>";
		};
		6368AE9B18C18D3C0054E34B /* Controllers */ = {
			isa = PBXGroup;
			children = (
				63BFF09118C2ED570080BA9F /* SCGMenuNavigationController.h */,
				63BFF09218C2ED570080BA9F /* SCGMenuNavigationController.m */,
				6368AEA618C18DDF0054E34B /* SCGBoardController.h */,
				6368AEA718C18DDF0054E34B /* SCGBoardController.m */,
				63BFF09418C2EE120080BA9F /* SCGMenuViewController.h */,
				63BFF09518C2EE120080BA9F /* SCGMenuViewController.m */,
				63BFF09A18C331130080BA9F /* SCGSettingsViewController.h */,
				63BFF09B18C331130080BA9F /* SCGSettingsViewController.m */,
			);
			name = Controllers;
			sourceTree = "<group>";
		};
		6368AE9C18C18D450054E34B /* Views */ = {
			isa = PBXGroup;
			children = (
				6368AE9D18C18DB10054E34B /* SCGBoundaryView.h */,
				6368AE9E18C18DB10054E34B /* SCGBoundaryView.m */,
				6368AE9F18C18DB10054E34B /* SCGCellView.h */,
				6368AEA018C18DB10054E34B /* SCGCellView.m */,
				6368AEA118C18DB10054E34B /* SCGDotView.h */,
				6368AEA218C18DB10054E34B /* SCGDotView.m */,
				63A4871218D98FD3009418B1 /* SCGScoreView.h */,
				63A4871318D98FD3009418B1 /* SCGScoreView.m */,
				633B9FC518EFC9BA00E98B22 /* SCGScoreLabel.h */,
				633B9FC618EFC9D000E98B22 /* SCGScoreLabel.m */,
			);
			name = Views;
			sourceTree = "<group>";
		};
/* End PBXGroup section */

/* Begin PBXNativeTarget section */
		6368AE5918C18AEA0054E34B /* StringsAndCoins */ = {
			isa = PBXNativeTarget;
			buildConfigurationList = 6368AE9218C18AEB0054E34B /* Build configuration list for PBXNativeTarget "StringsAndCoins" */;
			buildPhases = (
				6368AE5618C18AEA0054E34B /* Sources */,
				6368AE5718C18AEA0054E34B /* Frameworks */,
				6368AE5818C18AEA0054E34B /* Resources */,
			);
			buildRules = (
			);
			dependencies = (
			);
			name = StringsAndCoins;
			productName = StringsAndCoins;
			productReference = 6368AE5A18C18AEA0054E34B /* StringsAndCoins.app */;
			productType = "com.apple.product-type.application";
		};
		6368AE8018C18AEB0054E34B /* StringsAndCoinsTests */ = {
			isa = PBXNativeTarget;
			buildConfigurationList = 6368AE9518C18AEB0054E34B /* Build configuration list for PBXNativeTarget "StringsAndCoinsTests" */;
			buildPhases = (
				6368AE7D18C18AEB0054E34B /* Sources */,
				6368AE7E18C18AEB0054E34B /* Frameworks */,
				6368AE7F18C18AEB0054E34B /* Resources */,
			);
			buildRules = (
			);
			dependencies = (
				6368AE8718C18AEB0054E34B /* PBXTargetDependency */,
			);
			name = StringsAndCoinsTests;
			productName = StringsAndCoinsTests;
			productReference = 6368AE8118C18AEB0054E34B /* StringsAndCoinsTests.xctest */;
			productType = "com.apple.product-type.bundle.unit-test";
		};
/* End PBXNativeTarget section */

/* Begin PBXProject section */
		6368AE5218C18AEA0054E34B /* Project object */ = {
			isa = PBXProject;
			attributes = {
				CLASSPREFIX = SCG;
				LastUpgradeCheck = 0500;
				ORGANIZATIONNAME = "Stellar Software Pty Ltd";
				TargetAttributes = {
					6368AE8018C18AEB0054E34B = {
						TestTargetID = 6368AE5918C18AEA0054E34B;
					};
				};
			};
			buildConfigurationList = 6368AE5518C18AEA0054E34B /* Build configuration list for PBXProject "StringsAndCoins" */;
			compatibilityVersion = "Xcode 3.2";
			developmentRegion = English;
			hasScannedForEncodings = 0;
			knownRegions = (
				en,
				Base,
			);
			mainGroup = 6368AE5118C18AEA0054E34B;
			productRefGroup = 6368AE5B18C18AEA0054E34B /* Products */;
			projectDirPath = "";
			projectRoot = "";
			targets = (
				6368AE5918C18AEA0054E34B /* StringsAndCoins */,
				6368AE8018C18AEB0054E34B /* StringsAndCoinsTests */,
			);
		};
/* End PBXProject section */

/* Begin PBXResourcesBuildPhase section */
		6368AE5818C18AEA0054E34B /* Resources */ = {
			isa = PBXResourcesBuildPhase;
			buildActionMask = 2147483647;
			files = (
				6368AEC618C18E320054E34B /* coin-sm.png in Resources */,
				6368AE7418C18AEA0054E34B /* Main_iPad.storyboard in Resources */,
				6368AE7C18C18AEB0054E34B /* Images.xcassets in Resources */,
				6368AECB18C18E320054E34B /* rope-lg-horz.png in Resources */,
				6368AECD18C18E320054E34B /* rope-sm-horz.png in Resources */,
				6368AEC118C18E320054E34B /* chain-lg-horz.png in Resources */,
				6368AECF18C18E320054E34B /* triangleUp-md.png in Resources */,
				6368AE7118C18AEA0054E34B /* Main_iPhone.storyboard in Resources */,
				6368AE6818C18AEA0054E34B /* InfoPlist.strings in Resources */,
				6368AECC18C18E320054E34B /* rope-md-horz.png in Resources */,
				6368AEC218C18E320054E34B /* chain-md-horz.png in Resources */,
				6368AEC318C18E320054E34B /* chain-sm-horz.png in Resources */,
				6368AEC918C18E320054E34B /* dot-sm.png in Resources */,
				6368AEC518C18E320054E34B /* coin-md.png in Resources */,
				6368AECA18C18E320054E34B /* ellipse-md-horz.png in Resources */,
				6368AECE18C18E320054E34B /* triangleDown-md.png in Resources */,
				6368AEC418C18E320054E34B /* coin-lg.png in Resources */,
				6368AEC818C18E320054E34B /* dot-md.png in Resources */,
				6368AEC718C18E320054E34B /* dot-lg.png in Resources */,
			);
			runOnlyForDeploymentPostprocessing = 0;
		};
		6368AE7F18C18AEB0054E34B /* Resources */ = {
			isa = PBXResourcesBuildPhase;
			buildActionMask = 2147483647;
			files = (
				6368AE8D18C18AEB0054E34B /* InfoPlist.strings in Resources */,
			);
			runOnlyForDeploymentPostprocessing = 0;
		};
/* End PBXResourcesBuildPhase section */

/* Begin PBXSourcesBuildPhase section */
		6368AE5618C18AEA0054E34B /* Sources */ = {
			isa = PBXSourcesBuildPhase;
			buildActionMask = 2147483647;
			files = (
				6368AEAD18C18E020054E34B /* SCGGamePlayer.m in Sources */,
				63BFF09618C2EE120080BA9F /* SCGMenuViewController.m in Sources */,
				6368AEA818C18DDF0054E34B /* SCGBoardController.m in Sources */,
				63BFF09C18C331130080BA9F /* SCGSettingsViewController.m in Sources */,
				6368AEA418C18DB10054E34B /* SCGCellView.m in Sources */,
				6368AE6E18C18AEA0054E34B /* SCGAppDelegate.m in Sources */,
				63BFF09318C2ED570080BA9F /* SCGMenuNavigationController.m in Sources */,
				6368AE7718C18AEA0054E34B /* SCGMainViewController.m in Sources */,
				633B9FC718EFC9D000E98B22 /* SCGScoreLabel.m in Sources */,
				6368AF1A18C1DB750054E34B /* SCGNavigationController.m in Sources */,
				63A4871418D98FD3009418B1 /* SCGScoreView.m in Sources */,
				6368AEA318C18DB10054E34B /* SCGBoundaryView.m in Sources */,
				6368AE7A18C18AEB0054E34B /* SCGFlipsideViewController.m in Sources */,
				6368AE6A18C18AEA0054E34B /* main.m in Sources */,
				63BFF09918C32E7B0080BA9F /* SCGSettings.m in Sources */,
				6368AEAE18C18E020054E34B /* SCGPlayer.m in Sources */,
				6368AEA518C18DB10054E34B /* SCGDotView.m in Sources */,
				6368AEB118C18E140054E34B /* SCGLevel.m in Sources */,
			);
			runOnlyForDeploymentPostprocessing = 0;
		};
		6368AE7D18C18AEB0054E34B /* Sources */ = {
			isa = PBXSourcesBuildPhase;
			buildActionMask = 2147483647;
			files = (
				6368AE8F18C18AEB0054E34B /* StringsAndCoinsTests.m in Sources */,
			);
			runOnlyForDeploymentPostprocessing = 0;
		};
/* End PBXSourcesBuildPhase section */

/* Begin PBXTargetDependency section */
		6368AE8718C18AEB0054E34B /* PBXTargetDependency */ = {
			isa = PBXTargetDependency;
			target = 6368AE5918C18AEA0054E34B /* StringsAndCoins */;
			targetProxy = 6368AE8618C18AEB0054E34B /* PBXContainerItemProxy */;
		};
/* End PBXTargetDependency section */

/* Begin PBXVariantGroup section */
		6368AE6618C18AEA0054E34B /* InfoPlist.strings */ = {
			isa = PBXVariantGroup;
			children = (
				6368AE6718C18AEA0054E34B /* en */,
			);
			name = InfoPlist.strings;
			sourceTree = "<group>";
		};
		6368AE6F18C18AEA0054E34B /* Main_iPhone.storyboard */ = {
			isa = PBXVariantGroup;
			children = (
				6368AE7018C18AEA0054E34B /* Base */,
			);
			name = Main_iPhone.storyboard;
			sourceTree = "<group>";
		};
		6368AE7218C18AEA0054E34B /* Main_iPad.storyboard */ = {
			isa = PBXVariantGroup;
			children = (
				6368AE7318C18AEA0054E34B /* Base */,
			);
			name = Main_iPad.storyboard;
			sourceTree = "<group>";
		};
		6368AE8B18C18AEB0054E34B /* InfoPlist.strings */ = {
			isa = PBXVariantGroup;
			children = (
				6368AE8C18C18AEB0054E34B /* en */,
			);
			name = InfoPlist.strings;
			sourceTree = "<group>";
		};
/* End PBXVariantGroup section */

/* Begin XCBuildConfiguration section */
		6368AE9018C18AEB0054E34B /* Debug */ = {
			isa = XCBuildConfiguration;
			buildSettings = {
				ALWAYS_SEARCH_USER_PATHS = NO;
				ARCHS = "$(ARCHS_STANDARD_INCLUDING_64_BIT)";
				CLANG_CXX_LANGUAGE_STANDARD = "gnu++0x";
				CLANG_CXX_LIBRARY = "libc++";
				CLANG_ENABLE_MODULES = YES;
				CLANG_ENABLE_OBJC_ARC = YES;
				CLANG_WARN_BOOL_CONVERSION = YES;
				CLANG_WARN_CONSTANT_CONVERSION = YES;
				CLANG_WARN_DIRECT_OBJC_ISA_USAGE = YES_ERROR;
				CLANG_WARN_EMPTY_BODY = YES;
				CLANG_WARN_ENUM_CONVERSION = YES;
				CLANG_WARN_INT_CONVERSION = YES;
				CLANG_WARN_OBJC_ROOT_CLASS = YES_ERROR;
				CLANG_WARN__DUPLICATE_METHOD_MATCH = YES;
				"CODE_SIGN_IDENTITY[sdk=iphoneos*]" = "iPhone Developer";
				COPY_PHASE_STRIP = NO;
				GCC_C_LANGUAGE_STANDARD = gnu99;
				GCC_DYNAMIC_NO_PIC = NO;
				GCC_OPTIMIZATION_LEVEL = 0;
				GCC_PREPROCESSOR_DEFINITIONS = (
					"DEBUG=1",
					"$(inherited)",
				);
				GCC_SYMBOLS_PRIVATE_EXTERN = NO;
				GCC_WARN_64_TO_32_BIT_CONVERSION = YES;
				GCC_WARN_ABOUT_RETURN_TYPE = YES_ERROR;
				GCC_WARN_UNDECLARED_SELECTOR = YES;
				GCC_WARN_UNINITIALIZED_AUTOS = YES;
				GCC_WARN_UNUSED_FUNCTION = YES;
				GCC_WARN_UNUSED_VARIABLE = YES;
				IPHONEOS_DEPLOYMENT_TARGET = 7.0;
				ONLY_ACTIVE_ARCH = YES;
				SDKROOT = iphoneos;
				TARGETED_DEVICE_FAMILY = "1,2";
			};
			name = Debug;
		};
		6368AE9118C18AEB0054E34B /* Release */ = {
			isa = XCBuildConfiguration;
			buildSettings = {
				ALWAYS_SEARCH_USER_PATHS = NO;
				ARCHS = "$(ARCHS_STANDARD_INCLUDING_64_BIT)";
				CLANG_CXX_LANGUAGE_STANDARD = "gnu++0x";
				CLANG_CXX_LIBRARY = "libc++";
				CLANG_ENABLE_MODULES = YES;
				CLANG_ENABLE_OBJC_ARC = YES;
				CLANG_WARN_BOOL_CONVERSION = YES;
				CLANG_WARN_CONSTANT_CONVERSION = YES;
				CLANG_WARN_DIRECT_OBJC_ISA_USAGE = YES_ERROR;
				CLANG_WARN_EMPTY_BODY = YES;
				CLANG_WARN_ENUM_CONVERSION = YES;
				CLANG_WARN_INT_CONVERSION = YES;
				CLANG_WARN_OBJC_ROOT_CLASS = YES_ERROR;
				CLANG_WARN__DUPLICATE_METHOD_MATCH = YES;
				"CODE_SIGN_IDENTITY[sdk=iphoneos*]" = "iPhone Developer";
				COPY_PHASE_STRIP = YES;
				ENABLE_NS_ASSERTIONS = NO;
				GCC_C_LANGUAGE_STANDARD = gnu99;
				GCC_WARN_64_TO_32_BIT_CONVERSION = YES;
				GCC_WARN_ABOUT_RETURN_TYPE = YES_ERROR;
				GCC_WARN_UNDECLARED_SELECTOR = YES;
				GCC_WARN_UNINITIALIZED_AUTOS = YES;
				GCC_WARN_UNUSED_FUNCTION = YES;
				GCC_WARN_UNUSED_VARIABLE = YES;
				IPHONEOS_DEPLOYMENT_TARGET = 7.0;
				SDKROOT = iphoneos;
				TARGETED_DEVICE_FAMILY = "1,2";
				VALIDATE_PRODUCT = YES;
			};
			name = Release;
		};
		6368AE9318C18AEB0054E34B /* Debug */ = {
			isa = XCBuildConfiguration;
			buildSettings = {
				ASSETCATALOG_COMPILER_APPICON_NAME = AppIcon;
				ASSETCATALOG_COMPILER_LAUNCHIMAGE_NAME = LaunchImage;
				GCC_PRECOMPILE_PREFIX_HEADER = YES;
				GCC_PREFIX_HEADER = "StringsAndCoins/StringsAndCoins-Prefix.pch";
				INFOPLIST_FILE = "StringsAndCoins/StringsAndCoins-Info.plist";
				PRODUCT_NAME = "$(TARGET_NAME)";
				WRAPPER_EXTENSION = app;
			};
			name = Debug;
		};
		6368AE9418C18AEB0054E34B /* Release */ = {
			isa = XCBuildConfiguration;
			buildSettings = {
				ASSETCATALOG_COMPILER_APPICON_NAME = AppIcon;
				ASSETCATALOG_COMPILER_LAUNCHIMAGE_NAME = LaunchImage;
				GCC_PRECOMPILE_PREFIX_HEADER = YES;
				GCC_PREFIX_HEADER = "StringsAndCoins/StringsAndCoins-Prefix.pch";
				INFOPLIST_FILE = "StringsAndCoins/StringsAndCoins-Info.plist";
				PRODUCT_NAME = "$(TARGET_NAME)";
				WRAPPER_EXTENSION = app;
			};
			name = Release;
		};
		6368AE9618C18AEB0054E34B /* Debug */ = {
			isa = XCBuildConfiguration;
			buildSettings = {
				ARCHS = "$(ARCHS_STANDARD_INCLUDING_64_BIT)";
				BUNDLE_LOADER = "$(BUILT_PRODUCTS_DIR)/StringsAndCoins.app/StringsAndCoins";
				FRAMEWORK_SEARCH_PATHS = (
					"$(SDKROOT)/Developer/Library/Frameworks",
					"$(inherited)",
					"$(DEVELOPER_FRAMEWORKS_DIR)",
				);
				GCC_PRECOMPILE_PREFIX_HEADER = YES;
				GCC_PREFIX_HEADER = "StringsAndCoins/StringsAndCoins-Prefix.pch";
				GCC_PREPROCESSOR_DEFINITIONS = (
					"DEBUG=1",
					"$(inherited)",
				);
				INFOPLIST_FILE = "StringsAndCoinsTests/StringsAndCoinsTests-Info.plist";
				PRODUCT_NAME = "$(TARGET_NAME)";
				TEST_HOST = "$(BUNDLE_LOADER)";
				WRAPPER_EXTENSION = xctest;
			};
			name = Debug;
		};
		6368AE9718C18AEB0054E34B /* Release */ = {
			isa = XCBuildConfiguration;
			buildSettings = {
				ARCHS = "$(ARCHS_STANDARD_INCLUDING_64_BIT)";
				BUNDLE_LOADER = "$(BUILT_PRODUCTS_DIR)/StringsAndCoins.app/StringsAndCoins";
				FRAMEWORK_SEARCH_PATHS = (
					"$(SDKROOT)/Developer/Library/Frameworks",
					"$(inherited)",
					"$(DEVELOPER_FRAMEWORKS_DIR)",
				);
				GCC_PRECOMPILE_PREFIX_HEADER = YES;
				GCC_PREFIX_HEADER = "StringsAndCoins/StringsAndCoins-Prefix.pch";
				INFOPLIST_FILE = "StringsAndCoinsTests/StringsAndCoinsTests-Info.plist";
				PRODUCT_NAME = "$(TARGET_NAME)";
				TEST_HOST = "$(BUNDLE_LOADER)";
				WRAPPER_EXTENSION = xctest;
			};
			name = Release;
		};
/* End XCBuildConfiguration section */

/* Begin XCConfigurationList section */
		6368AE5518C18AEA0054E34B /* Build configuration list for PBXProject "StringsAndCoins" */ = {
			isa = XCConfigurationList;
			buildConfigurations = (
				6368AE9018C18AEB0054E34B /* Debug */,
				6368AE9118C18AEB0054E34B /* Release */,
			);
			defaultConfigurationIsVisible = 0;
			defaultConfigurationName = Release;
		};
		6368AE9218C18AEB0054E34B /* Build configuration list for PBXNativeTarget "StringsAndCoins" */ = {
			isa = XCConfigurationList;
			buildConfigurations = (
				6368AE9318C18AEB0054E34B /* Debug */,
				6368AE9418C18AEB0054E34B /* Release */,
			);
			defaultConfigurationIsVisible = 0;
			defaultConfigurationName = Release;
		};
		6368AE9518C18AEB0054E34B /* Build configuration list for PBXNativeTarget "StringsAndCoinsTests" */ = {
			isa = XCConfigurationList;
			buildConfigurations = (
				6368AE9618C18AEB0054E34B /* Debug */,
				6368AE9718C18AEB0054E34B /* Release */,
			);
			defaultConfigurationIsVisible = 0;
			defaultConfigurationName = Release;
		};
/* End XCConfigurationList section */
	};
	rootObject = 6368AE5218C18AEA0054E34B /* Project object */;
}
